
Microsoft Visual Studio Solution File, Format Version 12.00
# Visual Studio Version 16
VisualStudioVersion = 16.0.31025.194
MinimumVisualStudioVersion = 10.0.40219.1
Project("{9A19103F-16F7-4668-BE54-9A1E7A4F7556}") = "BancoDados_UM", "BancoDados_UM.csproj", "{076DF442-94A4-47AD-8E89-488EE7882F40}"
EndProject
Project("{FAE04EC0-301F-11D3-BF4B-00C04F79EFBC}") = "Exercicio01", "Exercicio01\Exercicio01.csproj", "{82856E83-F421-4BD1-8886-275EC92C3CEB}"
EndProject
Project("{FAE04EC0-301F-11D3-BF4B-00C04F79EFBC}") = "Exercicio02", "Exercicio02\Exercicio02.csproj", "{7FBF2681-285D-48C3-9317-0C3A42CDEE56}"
EndProject
Project("{FAE04EC0-301F-11D3-BF4B-00C04F79EFBC}") = "Exercicio03", "Exercicio03\Exercicio03.csproj", "{D359E276-22BF-4602-8DAE-374643533E61}"
EndProject
Project("{FAE04EC0-301F-11D3-BF4B-00C04F79EFBC}") = "Exercicio04", "Exercicio04\Exercicio04.csproj", "{556C61CF-2C24-4C3C-A05F-18C1A1A2B726}"
EndProject
Project("{FAE04EC0-301F-11D3-BF4B-00C04F79EFBC}") = "Exercicio05", "Exercicio05\Exercicio05.csproj", "{60A5C626-3AA4-4258-A9E7-4C8254EFA3C3}"
EndProject
Project("{FAE04EC0-301F-11D3-BF4B-00C04F79EFBC}") = "Exercicio06", "Exercicio06\Exercicio06.csproj", "{C07E5572-2B22-4779-8706-E57174FEE4C4}"
EndProject
Project("{FAE04EC0-301F-11D3-BF4B-00C04F79EFBC}") = "Exercicio07", "Exercicio07\Exercicio07.csproj", "{B2C9A529-9A4E-41F9-BB0D-79C1F15165A0}"
EndProject
Global
	GlobalSection(SolutionConfigurationPlatforms) = preSolution
		Debug|Any CPU = Debug|Any CPU
		Release|Any CPU = Release|Any CPU
	EndGlobalSection
	GlobalSection(ProjectConfigurationPlatforms) = postSolution
		{076DF442-94A4-47AD-8E89-488EE7882F40}.Debug|Any CPU.ActiveCfg = Debug|Any CPU
		{076DF442-94A4-47AD-8E89-488EE7882F40}.Debug|Any CPU.Build.0 = Debug|Any CPU
		{076DF442-94A4-47AD-8E89-488EE7882F40}.Release|Any CPU.ActiveCfg = Release|Any CPU
		{076DF442-94A4-47AD-8E89-488EE7882F40}.Release|Any CPU.Build.0 = Release|Any CPU
		{82856E83-F421-4BD1-8886-275EC92C3CEB}.Debug|Any CPU.ActiveCfg = Debug|Any CPU
		{82856E83-F421-4BD1-8886-275EC92C3CEB}.Debug|Any CPU.Build.0 = Debug|Any CPU
		{82856E83-F421-4BD1-8886-275EC92C3CEB}.Release|Any CPU.ActiveCfg = Release|Any CPU
		{82856E83-F421-4BD1-8886-275EC92C3CEB}.Release|Any CPU.Build.0 = Release|Any CPU
		{7FBF2681-285D-48C3-9317-0C3A42CDEE56}.Debug|Any CPU.ActiveCfg = Debug|Any CPU
		{7FBF2681-285D-48C3-9317-0C3A42CDEE56}.Debug|Any CPU.Build.0 = Debug|Any CPU
		{7FBF2681-285D-48C3-9317-0C3A42CDEE56}.Release|Any CPU.ActiveCfg = Release|Any CPU
		{7FBF2681-285D-48C3-9317-0C3A42CDEE56}.Release|Any CPU.Build.0 = Release|Any CPU
		{D359E276-22BF-4602-8DAE-374643533E61}.Debug|Any CPU.ActiveCfg = Debug|Any CPU
		{D359E276-22BF-4602-8DAE-374643533E61}.Debug|Any CPU.Build.0 = Debug|Any CPU
		{D359E276-22BF-4602-8DAE-374643533E61}.Release|Any CPU.ActiveCfg = Release|Any CPU
		{D359E276-22BF-4602-8DAE-374643533E61}.Release|Any CPU.Build.0 = Release|Any CPU
		{556C61CF-2C24-4C3C-A05F-18C1A1A2B726}.Debug|Any CPU.ActiveCfg = Debug|Any CPU
		{556C61CF-2C24-4C3C-A05F-18C1A1A2B726}.Debug|Any CPU.Build.0 = Debug|Any CPU
		{556C61CF-2C24-4C3C-A05F-18C1A1A2B726}.Release|Any CPU.ActiveCfg = Release|Any CPU
		{556C61CF-2C24-4C3C-A05F-18C1A1A2B726}.Release|Any CPU.Build.0 = Release|Any CPU
		{60A5C626-3AA4-4258-A9E7-4C8254EFA3C3}.Debug|Any CPU.ActiveCfg = Debug|Any CPU
		{60A5C626-3AA4-4258-A9E7-4C8254EFA3C3}.Debug|Any CPU.Build.0 = Debug|Any CPU
		{60A5C626-3AA4-4258-A9E7-4C8254EFA3C3}.Release|Any CPU.ActiveCfg = Release|Any CPU
		{60A5C626-3AA4-4258-A9E7-4C8254EFA3C3}.Release|Any CPU.Build.0 = Release|Any CPU
		{C07E5572-2B22-4779-8706-E57174FEE4C4}.Debug|Any CPU.ActiveCfg = Debug|Any CPU
		{C07E5572-2B22-4779-8706-E57174FEE4C4}.Debug|Any CPU.Build.0 = Debug|Any CPU
		{C07E5572-2B22-4779-8706-E57174FEE4C4}.Release|Any CPU.ActiveCfg = Release|Any CPU
		{C07E5572-2B22-4779-8706-E57174FEE4C4}.Release|Any CPU.Build.0 = Release|Any CPU
		{B2C9A529-9A4E-41F9-BB0D-79C1F15165A0}.Debug|Any CPU.ActiveCfg = Debug|Any CPU
		{B2C9A529-9A4E-41F9-BB0D-79C1F15165A0}.Debug|Any CPU.Build.0 = Debug|Any CPU
		{B2C9A529-9A4E-41F9-BB0D-79C1F15165A0}.Release|Any CPU.ActiveCfg = Release|Any CPU
		{B2C9A529-9A4E-41F9-BB0D-79C1F15165A0}.Release|Any CPU.Build.0 = Release|Any CPU
	EndGlobalSection
	GlobalSection(SolutionProperties) = preSolution
		HideSolutionNode = FALSE
	EndGlobalSection
	GlobalSection(ExtensibilityGlobals) = postSolution
		SolutionGuid = {60724E5F-21DF-4C3D-B017-AEA2012F8907}
	EndGlobalSection
EndGlobal
