
Microsoft Visual Studio Solution File, Format Version 12.00
# Visual Studio Version 16
VisualStudioVersion = 16.0.31025.194
MinimumVisualStudioVersion = 10.0.40219.1
Project("{FAE04EC0-301F-11D3-BF4B-00C04F79EFBC}") = "AulaWF_02", "AulaWF_02.csproj", "{930A08BD-5E82-484F-8F73-D6DA70A9A5A7}"
EndProject
Global
	GlobalSection(SolutionConfigurationPlatforms) = preSolution
		Debug|Any CPU = Debug|Any CPU
		Release|Any CPU = Release|Any CPU
	EndGlobalSection
	GlobalSection(ProjectConfigurationPlatforms) = postSolution
		{930A08BD-5E82-484F-8F73-D6DA70A9A5A7}.Debug|Any CPU.ActiveCfg = Debug|Any CPU
		{930A08BD-5E82-484F-8F73-D6DA70A9A5A7}.Debug|Any CPU.Build.0 = Debug|Any CPU
		{930A08BD-5E82-484F-8F73-D6DA70A9A5A7}.Release|Any CPU.ActiveCfg = Release|Any CPU
		{930A08BD-5E82-484F-8F73-D6DA70A9A5A7}.Release|Any CPU.Build.0 = Release|Any CPU
	EndGlobalSection
	GlobalSection(SolutionProperties) = preSolution
		HideSolutionNode = FALSE
	EndGlobalSection
	GlobalSection(ExtensibilityGlobals) = postSolution
		SolutionGuid = {88FD8227-4799-41EB-AF26-8F2909705E8F}
	EndGlobalSection
EndGlobal
