
Microsoft Visual Studio Solution File, Format Version 12.00
# Visual Studio Version 16
VisualStudioVersion = 16.0.31025.194
MinimumVisualStudioVersion = 10.0.40219.1
Project("{FAE04EC0-301F-11D3-BF4B-00C04F79EFBC}") = "AulaWF_03", "AulaWF_03.csproj", "{B1AF505F-86C2-4DC9-9062-73D705AB5353}"
EndProject
Global
	GlobalSection(SolutionConfigurationPlatforms) = preSolution
		Debug|Any CPU = Debug|Any CPU
		Release|Any CPU = Release|Any CPU
	EndGlobalSection
	GlobalSection(ProjectConfigurationPlatforms) = postSolution
		{B1AF505F-86C2-4DC9-9062-73D705AB5353}.Debug|Any CPU.ActiveCfg = Debug|Any CPU
		{B1AF505F-86C2-4DC9-9062-73D705AB5353}.Debug|Any CPU.Build.0 = Debug|Any CPU
		{B1AF505F-86C2-4DC9-9062-73D705AB5353}.Release|Any CPU.ActiveCfg = Release|Any CPU
		{B1AF505F-86C2-4DC9-9062-73D705AB5353}.Release|Any CPU.Build.0 = Release|Any CPU
	EndGlobalSection
	GlobalSection(SolutionProperties) = preSolution
		HideSolutionNode = FALSE
	EndGlobalSection
	GlobalSection(ExtensibilityGlobals) = postSolution
		SolutionGuid = {0D84E2F8-2E82-47D5-BFB5-6E3861DE7527}
	EndGlobalSection
EndGlobal
