
Microsoft Visual Studio Solution File, Format Version 12.00
# Visual Studio Version 16
VisualStudioVersion = 16.0.31025.194
MinimumVisualStudioVersion = 10.0.40219.1
Project("{FAE04EC0-301F-11D3-BF4B-00C04F79EFBC}") = "Sophia_Matteussi", "Sophia_Matteussi.csproj", "{A0081601-69D0-4B69-8775-0E3649504BE2}"
EndProject
Global
	GlobalSection(SolutionConfigurationPlatforms) = preSolution
		Debug|Any CPU = Debug|Any CPU
		Release|Any CPU = Release|Any CPU
	EndGlobalSection
	GlobalSection(ProjectConfigurationPlatforms) = postSolution
		{A0081601-69D0-4B69-8775-0E3649504BE2}.Debug|Any CPU.ActiveCfg = Debug|Any CPU
		{A0081601-69D0-4B69-8775-0E3649504BE2}.Debug|Any CPU.Build.0 = Debug|Any CPU
		{A0081601-69D0-4B69-8775-0E3649504BE2}.Release|Any CPU.ActiveCfg = Release|Any CPU
		{A0081601-69D0-4B69-8775-0E3649504BE2}.Release|Any CPU.Build.0 = Release|Any CPU
	EndGlobalSection
	GlobalSection(SolutionProperties) = preSolution
		HideSolutionNode = FALSE
	EndGlobalSection
	GlobalSection(ExtensibilityGlobals) = postSolution
		SolutionGuid = {EFDF51C4-7C4F-4E8E-9738-1EB6432205E3}
	EndGlobalSection
EndGlobal
